// !$*UTF8*$!
{
	archiveVersion = 1;
	classes = {
	};
	objectVersion = 46;
	objects = {

/* Begin PBXBuildFile section */
		22326A0B14FA98BB003055A2 /* SenTestingKit.framework in Frameworks */ = {isa = PBXBuildFile; fileRef = 22326A0A14FA98BB003055A2 /* SenTestingKit.framework */; };
		22326A0C14FA98BB003055A2 /* Cocoa.framework in Frameworks */ = {isa = PBXBuildFile; fileRef = 223269F814FA98BB003055A2 /* Cocoa.framework */; };
		22326A4D14FA99B0003055A2 /* ECParameterisedTestCase.m in Sources */ = {isa = PBXBuildFile; fileRef = 22326A4A14FA99B0003055A2 /* ECParameterisedTestCase.m */; };
		22326A4E14FA99B0003055A2 /* ECTestCase.m in Sources */ = {isa = PBXBuildFile; fileRef = 22326A4C14FA99B0003055A2 /* ECTestCase.m */; };
		22326A5014FAA337003055A2 /* ParameterisedTestsExample.m in Sources */ = {isa = PBXBuildFile; fileRef = 22326A4F14FAA337003055A2 /* ParameterisedTestsExample.m */; };
		22326A5914FAA377003055A2 /* InfoPlist.strings in Resources */ = {isa = PBXBuildFile; fileRef = 22326A5714FAA377003055A2 /* InfoPlist.strings */; };
		22326A5B14FAA3AF003055A2 /* ParameterisedTestsExample.plist in Resources */ = {isa = PBXBuildFile; fileRef = 22326A5A14FAA3AF003055A2 /* ParameterisedTestsExample.plist */; };
/* End PBXBuildFile section */

/* Begin PBXFileReference section */
		223269F814FA98BB003055A2 /* Cocoa.framework */ = {isa = PBXFileReference; lastKnownFileType = wrapper.framework; name = Cocoa.framework; path = System/Library/Frameworks/Cocoa.framework; sourceTree = SDKROOT; };
		223269FB14FA98BB003055A2 /* AppKit.framework */ = {isa = PBXFileReference; lastKnownFileType = wrapper.framework; name = AppKit.framework; path = System/Library/Frameworks/AppKit.framework; sourceTree = SDKROOT; };
		223269FC14FA98BB003055A2 /* CoreData.framework */ = {isa = PBXFileReference; lastKnownFileType = wrapper.framework; name = CoreData.framework; path = System/Library/Frameworks/CoreData.framework; sourceTree = SDKROOT; };
		223269FD14FA98BB003055A2 /* Foundation.framework */ = {isa = PBXFileReference; lastKnownFileType = wrapper.framework; name = Foundation.framework; path = System/Library/Frameworks/Foundation.framework; sourceTree = SDKROOT; };
		22326A0914FA98BB003055A2 /* ECUnitTestsExample.octest */ = {isa = PBXFileReference; explicitFileType = wrapper.cfbundle; includeInIndex = 0; path = ECUnitTestsExample.octest; sourceTree = BUILT_PRODUCTS_DIR; };
		22326A0A14FA98BB003055A2 /* SenTestingKit.framework */ = {isa = PBXFileReference; lastKnownFileType = wrapper.framework; name = SenTestingKit.framework; path = Library/Frameworks/SenTestingKit.framework; sourceTree = DEVELOPER_DIR; };
		22326A4914FA99B0003055A2 /* ECParameterisedTestCase.h */ = {isa = PBXFileReference; fileEncoding = 4; lastKnownFileType = sourcecode.c.h; path = ECParameterisedTestCase.h; sourceTree = "<group>"; };
		22326A4A14FA99B0003055A2 /* ECParameterisedTestCase.m */ = {isa = PBXFileReference; fileEncoding = 4; lastKnownFileType = sourcecode.c.objc; path = ECParameterisedTestCase.m; sourceTree = "<group>"; };
		22326A4B14FA99B0003055A2 /* ECTestCase.h */ = {isa = PBXFileReference; fileEncoding = 4; lastKnownFileType = sourcecode.c.h; path = ECTestCase.h; sourceTree = "<group>"; };
		22326A4C14FA99B0003055A2 /* ECTestCase.m */ = {isa = PBXFileReference; fileEncoding = 4; lastKnownFileType = sourcecode.c.objc; path = ECTestCase.m; sourceTree = "<group>"; };
		22326A4F14FAA337003055A2 /* ParameterisedTestsExample.m */ = {isa = PBXFileReference; fileEncoding = 4; lastKnownFileType = sourcecode.c.objc; path = ParameterisedTestsExample.m; sourceTree = SOURCE_ROOT; };
		22326A5114FAA34D003055A2 /* ECUnitTestsExampleInfo.plist */ = {isa = PBXFileReference; fileEncoding = 4; lastKnownFileType = text.plist.xml; path = ECUnitTestsExampleInfo.plist; sourceTree = SOURCE_ROOT; };
		22326A5814FAA377003055A2 /* en */ = {isa = PBXFileReference; lastKnownFileType = text.plist.strings; name = en; path = en.lproj/InfoPlist.strings; sourceTree = SOURCE_ROOT; };
		22326A5A14FAA3AF003055A2 /* ParameterisedTestsExample.plist */ = {isa = PBXFileReference; fileEncoding = 4; lastKnownFileType = text.plist.xml; path = ParameterisedTestsExample.plist; sourceTree = SOURCE_ROOT; };
/* End PBXFileReference section */

/* Begin PBXFrameworksBuildPhase section */
		22326A0514FA98BB003055A2 /* Frameworks */ = {
			isa = PBXFrameworksBuildPhase;
			buildActionMask = 2147483647;
			files = (
				22326A0B14FA98BB003055A2 /* SenTestingKit.framework in Frameworks */,
				22326A0C14FA98BB003055A2 /* Cocoa.framework in Frameworks */,
			);
			runOnlyForDeploymentPostprocessing = 0;
		};
/* End PBXFrameworksBuildPhase section */

/* Begin PBXGroup section */
		223269EA14FA98BB003055A2 = {
			isa = PBXGroup;
			children = (
				22326A4814FA99B0003055A2 /* ECUnitTests */,
				22326A2F14FA994C003055A2 /* Tests */,
				223269F714FA98BB003055A2 /* Frameworks */,
				223269F614FA98BB003055A2 /* Products */,
			);
			sourceTree = "<group>";
		};
		223269F614FA98BB003055A2 /* Products */ = {
			isa = PBXGroup;
			children = (
				22326A0914FA98BB003055A2 /* ECUnitTestsExample.octest */,
			);
			name = Products;
			sourceTree = "<group>";
		};
		223269F714FA98BB003055A2 /* Frameworks */ = {
			isa = PBXGroup;
			children = (
				223269F814FA98BB003055A2 /* Cocoa.framework */,
				22326A0A14FA98BB003055A2 /* SenTestingKit.framework */,
				223269FA14FA98BB003055A2 /* Other Frameworks */,
			);
			name = Frameworks;
			sourceTree = "<group>";
		};
		223269FA14FA98BB003055A2 /* Other Frameworks */ = {
			isa = PBXGroup;
			children = (
				223269FB14FA98BB003055A2 /* AppKit.framework */,
				223269FC14FA98BB003055A2 /* CoreData.framework */,
				223269FD14FA98BB003055A2 /* Foundation.framework */,
			);
			name = "Other Frameworks";
			sourceTree = "<group>";
		};
		22326A2F14FA994C003055A2 /* Tests */ = {
			isa = PBXGroup;
			children = (
				22326A4F14FAA337003055A2 /* ParameterisedTestsExample.m */,
				22326A5A14FAA3AF003055A2 /* ParameterisedTestsExample.plist */,
				22326A5C14FAA537003055A2 /* Supporting Files */,
			);
			name = Tests;
			path = Example;
			sourceTree = "<group>";
		};
		22326A4814FA99B0003055A2 /* ECUnitTests */ = {
			isa = PBXGroup;
			children = (
				22326A4914FA99B0003055A2 /* ECParameterisedTestCase.h */,
				22326A4A14FA99B0003055A2 /* ECParameterisedTestCase.m */,
				22326A4B14FA99B0003055A2 /* ECTestCase.h */,
				22326A4C14FA99B0003055A2 /* ECTestCase.m */,
			);
			name = ECUnitTests;
			path = ../Generic;
			sourceTree = "<group>";
		};
		22326A5C14FAA537003055A2 /* Supporting Files */ = {
			isa = PBXGroup;
			children = (
				22326A5114FAA34D003055A2 /* ECUnitTestsExampleInfo.plist */,
				22326A5714FAA377003055A2 /* InfoPlist.strings */,
			);
			name = "Supporting Files";
			sourceTree = "<group>";
		};
/* End PBXGroup section */

/* Begin PBXNativeTarget section */
		22326A0814FA98BB003055A2 /* ECUnitTestsExample */ = {
			isa = PBXNativeTarget;
			buildConfigurationList = 22326A1E14FA98BC003055A2 /* Build configuration list for PBXNativeTarget "ECUnitTestsExample" */;
			buildPhases = (
				22326A0414FA98BB003055A2 /* Sources */,
				22326A0514FA98BB003055A2 /* Frameworks */,
				22326A0614FA98BB003055A2 /* Resources */,
				22326A0714FA98BB003055A2 /* ShellScript */,
			);
			buildRules = (
			);
			dependencies = (
			);
			name = ECUnitTestsExample;
			productName = ECUnitTestsTests;
			productReference = 22326A0914FA98BB003055A2 /* ECUnitTestsExample.octest */;
			productType = "com.apple.product-type.bundle";
		};
/* End PBXNativeTarget section */

/* Begin PBXProject section */
		223269EC14FA98BB003055A2 /* Project object */ = {
			isa = PBXProject;
			attributes = {
				LastUpgradeCheck = 0430;
			};
			buildConfigurationList = 223269EF14FA98BB003055A2 /* Build configuration list for PBXProject "ECUnitTestsExample" */;
			compatibilityVersion = "Xcode 3.2";
			developmentRegion = English;
			hasScannedForEncodings = 0;
			knownRegions = (
				en,
			);
			mainGroup = 223269EA14FA98BB003055A2;
			productRefGroup = 223269F614FA98BB003055A2 /* Products */;
			projectDirPath = "";
			projectRoot = "";
			targets = (
				22326A0814FA98BB003055A2 /* ECUnitTestsExample */,
			);
		};
/* End PBXProject section */

/* Begin PBXResourcesBuildPhase section */
		22326A0614FA98BB003055A2 /* Resources */ = {
			isa = PBXResourcesBuildPhase;
			buildActionMask = 2147483647;
			files = (
				22326A5914FAA377003055A2 /* InfoPlist.strings in Resources */,
				22326A5B14FAA3AF003055A2 /* ParameterisedTestsExample.plist in Resources */,
			);
			runOnlyForDeploymentPostprocessing = 0;
		};
/* End PBXResourcesBuildPhase section */

/* Begin PBXShellScriptBuildPhase section */
		22326A0714FA98BB003055A2 /* ShellScript */ = {
			isa = PBXShellScriptBuildPhase;
			buildActionMask = 2147483647;
			files = (
			);
			inputPaths = (
			);
			outputPaths = (
			);
			runOnlyForDeploymentPostprocessing = 0;
			shellPath = /bin/sh;
			shellScript = "# Run the unit tests in this test bundle.\n\"${SYSTEM_DEVELOPER_DIR}/Tools/RunUnitTests\"\n";
		};
/* End PBXShellScriptBuildPhase section */

/* Begin PBXSourcesBuildPhase section */
		22326A0414FA98BB003055A2 /* Sources */ = {
			isa = PBXSourcesBuildPhase;
			buildActionMask = 2147483647;
			files = (
				22326A4D14FA99B0003055A2 /* ECParameterisedTestCase.m in Sources */,
				22326A4E14FA99B0003055A2 /* ECTestCase.m in Sources */,
				22326A5014FAA337003055A2 /* ParameterisedTestsExample.m in Sources */,
			);
			runOnlyForDeploymentPostprocessing = 0;
		};
/* End PBXSourcesBuildPhase section */

/* Begin PBXVariantGroup section */
		22326A5714FAA377003055A2 /* InfoPlist.strings */ = {
			isa = PBXVariantGroup;
			children = (
				22326A5814FAA377003055A2 /* en */,
			);
			name = InfoPlist.strings;
			sourceTree = "<group>";
		};
/* End PBXVariantGroup section */

/* Begin XCBuildConfiguration section */
		22326A1914FA98BC003055A2 /* Debug */ = {
			isa = XCBuildConfiguration;
			buildSettings = {
				ALWAYS_SEARCH_USER_PATHS = NO;
				ARCHS = "$(ARCHS_STANDARD_64_BIT)";
				COPY_PHASE_STRIP = NO;
				GCC_C_LANGUAGE_STANDARD = gnu99;
				GCC_DYNAMIC_NO_PIC = NO;
				GCC_ENABLE_OBJC_EXCEPTIONS = YES;
				GCC_OPTIMIZATION_LEVEL = 0;
				GCC_PREPROCESSOR_DEFINITIONS = (
					"DEBUG=1",
					"$(inherited)",
				);
				GCC_SYMBOLS_PRIVATE_EXTERN = NO;
				GCC_VERSION = com.apple.compilers.llvm.clang.1_0;
				GCC_WARN_64_TO_32_BIT_CONVERSION = YES;
				GCC_WARN_ABOUT_RETURN_TYPE = YES;
				GCC_WARN_UNINITIALIZED_AUTOS = YES;
				GCC_WARN_UNUSED_VARIABLE = YES;
				MACOSX_DEPLOYMENT_TARGET = 10.7;
				ONLY_ACTIVE_ARCH = YES;
				SDKROOT = macosx;
			};
			name = Debug;
		};
		22326A1A14FA98BC003055A2 /* Release */ = {
			isa = XCBuildConfiguration;
			buildSettings = {
				ALWAYS_SEARCH_USER_PATHS = NO;
				ARCHS = "$(ARCHS_STANDARD_64_BIT)";
				COPY_PHASE_STRIP = YES;
				DEBUG_INFORMATION_FORMAT = "dwarf-with-dsym";
				GCC_C_LANGUAGE_STANDARD = gnu99;
				GCC_ENABLE_OBJC_EXCEPTIONS = YES;
				GCC_VERSION = com.apple.compilers.llvm.clang.1_0;
				GCC_WARN_64_TO_32_BIT_CONVERSION = YES;
				GCC_WARN_ABOUT_RETURN_TYPE = YES;
				GCC_WARN_UNINITIALIZED_AUTOS = YES;
				GCC_WARN_UNUSED_VARIABLE = YES;
				MACOSX_DEPLOYMENT_TARGET = 10.7;
				SDKROOT = macosx;
			};
			name = Release;
		};
		22326A1F14FA98BC003055A2 /* Debug */ = {
			isa = XCBuildConfiguration;
			buildSettings = {
				FRAMEWORK_SEARCH_PATHS = "$(DEVELOPER_LIBRARY_DIR)/Frameworks";
				INFOPLIST_FILE = ECUnitTestsExampleInfo.plist;
				PRODUCT_NAME = "$(TARGET_NAME)";
				WRAPPER_EXTENSION = octest;
			};
			name = Debug;
		};
		22326A2014FA98BC003055A2 /* Release */ = {
			isa = XCBuildConfiguration;
			buildSettings = {
				FRAMEWORK_SEARCH_PATHS = "$(DEVELOPER_LIBRARY_DIR)/Frameworks";
				INFOPLIST_FILE = ECUnitTestsExampleInfo.plist;
				PRODUCT_NAME = "$(TARGET_NAME)";
				WRAPPER_EXTENSION = octest;
			};
			name = Release;
		};
/* End XCBuildConfiguration section */

/* Begin XCConfigurationList section */
		223269EF14FA98BB003055A2 /* Build configuration list for PBXProject "ECUnitTestsExample" */ = {
			isa = XCConfigurationList;
			buildConfigurations = (
				22326A1914FA98BC003055A2 /* Debug */,
				22326A1A14FA98BC003055A2 /* Release */,
			);
			defaultConfigurationIsVisible = 0;
			defaultConfigurationName = Release;
		};
		22326A1E14FA98BC003055A2 /* Build configuration list for PBXNativeTarget "ECUnitTestsExample" */ = {
			isa = XCConfigurationList;
			buildConfigurations = (
				22326A1F14FA98BC003055A2 /* Debug */,
				22326A2014FA98BC003055A2 /* Release */,
			);
			defaultConfigurationIsVisible = 0;
			defaultConfigurationName = Release;
		};
/* End XCConfigurationList section */
	};
	rootObject = 223269EC14FA98BB003055A2 /* Project object */;
}
