// !$*UTF8*$!
{
	archiveVersion = 1;
	classes = {
	};
	objectVersion = 46;
	objects = {

/* Begin PBXAggregateTarget section */
		221662D514FB914E009B975D /* ECUnitTestsEverything */ = {
			isa = PBXAggregateTarget;
			buildConfigurationList = 221662D614FB914E009B975D /* Build configuration list for PBXAggregateTarget "ECUnitTestsEverything" */;
			buildPhases = (
			);
			dependencies = (
			);
			name = ECUnitTestsEverything;
			productName = ECUnitTestsEverything;
		};
/* End PBXAggregateTarget section */

/* Begin PBXBuildFile section */
		221CB5C715DAA817004C6398 /* Debug.pch in Headers */ = {isa = PBXBuildFile; fileRef = 221CB5C415DAA817004C6398 /* Debug.pch */; };
		221CB5C815DAA817004C6398 /* Debug.pch in Headers */ = {isa = PBXBuildFile; fileRef = 221CB5C415DAA817004C6398 /* Debug.pch */; };
		221CB5C915DAA817004C6398 /* Release.pch in Headers */ = {isa = PBXBuildFile; fileRef = 221CB5C515DAA817004C6398 /* Release.pch */; };
		221CB5CA15DAA817004C6398 /* Release.pch in Headers */ = {isa = PBXBuildFile; fileRef = 221CB5C515DAA817004C6398 /* Release.pch */; };
		221CB5CB15DAA817004C6398 /* Shared.pch in Headers */ = {isa = PBXBuildFile; fileRef = 221CB5C615DAA817004C6398 /* Shared.pch */; };
		221CB5CC15DAA817004C6398 /* Shared.pch in Headers */ = {isa = PBXBuildFile; fileRef = 221CB5C615DAA817004C6398 /* Shared.pch */; };
		227A47C715DA60F200281601 /* ECUnitTests.h in Headers */ = {isa = PBXBuildFile; fileRef = 22BEA1C815DA55920036A04F /* ECUnitTests.h */; settings = {ATTRIBUTES = (Public, ); }; };
		227A47C815DA610100281601 /* ECParameterisedTestCase.m in Sources */ = {isa = PBXBuildFile; fileRef = 22326A4A14FA99B0003055A2 /* ECParameterisedTestCase.m */; };
		227A47C915DA610100281601 /* ECTestCase.m in Sources */ = {isa = PBXBuildFile; fileRef = 22326A4C14FA99B0003055A2 /* ECTestCase.m */; };
		227A47CC15DA619D00281601 /* ECUnitTests.h in Headers */ = {isa = PBXBuildFile; fileRef = 22BEA1C815DA55920036A04F /* ECUnitTests.h */; settings = {ATTRIBUTES = (Public, ); }; };
		227A47CD15DA619D00281601 /* ECParameterisedTestCase.h in Headers */ = {isa = PBXBuildFile; fileRef = 22326A4914FA99B0003055A2 /* ECParameterisedTestCase.h */; settings = {ATTRIBUTES = (Public, ); }; };
		227A47CE15DA619D00281601 /* ECTestCase.h in Headers */ = {isa = PBXBuildFile; fileRef = 22326A4B14FA99B0003055A2 /* ECTestCase.h */; settings = {ATTRIBUTES = (Public, ); }; };
		22BEA1C015DA55920036A04F /* Cocoa.framework in Frameworks */ = {isa = PBXBuildFile; fileRef = 223269F814FA98BB003055A2 /* Cocoa.framework */; };
		22BEA1CE15DA55E90036A04F /* ECParameterisedTestCase.h in Headers */ = {isa = PBXBuildFile; fileRef = 22326A4914FA99B0003055A2 /* ECParameterisedTestCase.h */; settings = {ATTRIBUTES = (Public, ); }; };
		22BEA1CF15DA55E90036A04F /* ECTestCase.h in Headers */ = {isa = PBXBuildFile; fileRef = 22326A4B14FA99B0003055A2 /* ECTestCase.h */; settings = {ATTRIBUTES = (Public, ); }; };
		22BEA1D015DA55EF0036A04F /* ECParameterisedTestCase.m in Sources */ = {isa = PBXBuildFile; fileRef = 22326A4A14FA99B0003055A2 /* ECParameterisedTestCase.m */; };
		22BEA1D115DA55EF0036A04F /* ECTestCase.m in Sources */ = {isa = PBXBuildFile; fileRef = 22326A4C14FA99B0003055A2 /* ECTestCase.m */; };
		22BEA1F315DA57470036A04F /* ocunit2junit.rb in Resources */ = {isa = PBXBuildFile; fileRef = 22BEA1F115DA57470036A04F /* ocunit2junit.rb */; };
		22BEA1F415DA57470036A04F /* test-common.sh in Resources */ = {isa = PBXBuildFile; fileRef = 22BEA1F215DA57470036A04F /* test-common.sh */; };
		22BEA1F515DA57F10036A04F /* SenTestingKit.framework in Frameworks */ = {isa = PBXBuildFile; fileRef = 22326A0A14FA98BB003055A2 /* SenTestingKit.framework */; };
		22BEA1F815DA581D0036A04F /* InfoPlist.strings in Resources */ = {isa = PBXBuildFile; fileRef = 22BEA1F615DA581D0036A04F /* InfoPlist.strings */; };
/* End PBXBuildFile section */

/* Begin PBXFileReference section */
		221662C014FB900C009B975D /* Foundation.framework */ = {isa = PBXFileReference; lastKnownFileType = wrapper.framework; name = Foundation.framework; path = System/Library/Frameworks/Foundation.framework; sourceTree = SDKROOT; };
		221CB4B815DA7DC4004C6398 /* UIKit.framework */ = {isa = PBXFileReference; lastKnownFileType = wrapper.framework; name = UIKit.framework; path = Library/Frameworks/UIKit.framework; sourceTree = DEVELOPER_DIR; };
		221CB4BB15DA7DC4004C6398 /* CoreGraphics.framework */ = {isa = PBXFileReference; lastKnownFileType = wrapper.framework; name = CoreGraphics.framework; path = Library/Frameworks/CoreGraphics.framework; sourceTree = DEVELOPER_DIR; };
		221CB51E15DA8BC7004C6398 /* README.md */ = {isa = PBXFileReference; lastKnownFileType = text; path = README.md; sourceTree = "<group>"; };
		221CB5A015DA9BA8004C6398 /* ECIOSDebug.xcconfig */ = {isa = PBXFileReference; lastKnownFileType = text.xcconfig; path = ECIOSDebug.xcconfig; sourceTree = "<group>"; };
		221CB5A115DA9BA8004C6398 /* ECIOSRelease.xcconfig */ = {isa = PBXFileReference; lastKnownFileType = text.xcconfig; path = ECIOSRelease.xcconfig; sourceTree = "<group>"; };
		221CB5A315DA9BA8004C6398 /* ECMacDebug.xcconfig */ = {isa = PBXFileReference; lastKnownFileType = text.xcconfig; path = ECMacDebug.xcconfig; sourceTree = "<group>"; };
		221CB5A415DA9BA8004C6398 /* ECMacRelease.xcconfig */ = {isa = PBXFileReference; lastKnownFileType = text.xcconfig; path = ECMacRelease.xcconfig; sourceTree = "<group>"; };
		221CB5C415DAA817004C6398 /* Debug.pch */ = {isa = PBXFileReference; fileEncoding = 4; lastKnownFileType = sourcecode.c.h; path = Debug.pch; sourceTree = "<group>"; };
		221CB5C515DAA817004C6398 /* Release.pch */ = {isa = PBXFileReference; fileEncoding = 4; lastKnownFileType = sourcecode.c.h; path = Release.pch; sourceTree = "<group>"; };
		221CB5C615DAA817004C6398 /* Shared.pch */ = {isa = PBXFileReference; fileEncoding = 4; lastKnownFileType = sourcecode.c.h; path = Shared.pch; sourceTree = "<group>"; };
		223269F814FA98BB003055A2 /* Cocoa.framework */ = {isa = PBXFileReference; lastKnownFileType = wrapper.framework; name = Cocoa.framework; path = System/Library/Frameworks/Cocoa.framework; sourceTree = SDKROOT; };
		223269FB14FA98BB003055A2 /* AppKit.framework */ = {isa = PBXFileReference; lastKnownFileType = wrapper.framework; name = AppKit.framework; path = System/Library/Frameworks/AppKit.framework; sourceTree = SDKROOT; };
		223269FC14FA98BB003055A2 /* CoreData.framework */ = {isa = PBXFileReference; lastKnownFileType = wrapper.framework; name = CoreData.framework; path = System/Library/Frameworks/CoreData.framework; sourceTree = SDKROOT; };
		223269FD14FA98BB003055A2 /* Foundation.framework */ = {isa = PBXFileReference; lastKnownFileType = wrapper.framework; name = Foundation.framework; path = System/Library/Frameworks/Foundation.framework; sourceTree = SDKROOT; };
		22326A0A14FA98BB003055A2 /* SenTestingKit.framework */ = {isa = PBXFileReference; lastKnownFileType = wrapper.framework; name = SenTestingKit.framework; path = Library/Frameworks/SenTestingKit.framework; sourceTree = DEVELOPER_DIR; };
		22326A4914FA99B0003055A2 /* ECParameterisedTestCase.h */ = {isa = PBXFileReference; fileEncoding = 4; lastKnownFileType = sourcecode.c.h; path = ECParameterisedTestCase.h; sourceTree = "<group>"; };
		22326A4A14FA99B0003055A2 /* ECParameterisedTestCase.m */ = {isa = PBXFileReference; fileEncoding = 4; lastKnownFileType = sourcecode.c.objc; path = ECParameterisedTestCase.m; sourceTree = "<group>"; };
		22326A4B14FA99B0003055A2 /* ECTestCase.h */ = {isa = PBXFileReference; fileEncoding = 4; lastKnownFileType = sourcecode.c.h; path = ECTestCase.h; sourceTree = "<group>"; };
		22326A4C14FA99B0003055A2 /* ECTestCase.m */ = {isa = PBXFileReference; fileEncoding = 4; lastKnownFileType = sourcecode.c.objc; path = ECTestCase.m; sourceTree = "<group>"; };
		227A47BA15DA5FA000281601 /* ECUnitTests.framework */ = {isa = PBXFileReference; explicitFileType = wrapper.cfbundle; includeInIndex = 0; path = ECUnitTests.framework; sourceTree = BUILT_PRODUCTS_DIR; };
		227A47BB15DA5FA000281601 /* CoreFoundation.framework */ = {isa = PBXFileReference; lastKnownFileType = wrapper.framework; name = CoreFoundation.framework; path = System/Library/Frameworks/CoreFoundation.framework; sourceTree = SDKROOT; };
		22BEA1BF15DA55920036A04F /* ECUnitTests.framework */ = {isa = PBXFileReference; explicitFileType = wrapper.framework; includeInIndex = 0; path = ECUnitTests.framework; sourceTree = BUILT_PRODUCTS_DIR; };
		22BEA1C315DA55920036A04F /* Info.plist */ = {isa = PBXFileReference; lastKnownFileType = text.plist; name = Info.plist; path = Resources/Info.plist; sourceTree = "<group>"; };
		22BEA1C815DA55920036A04F /* ECUnitTests.h */ = {isa = PBXFileReference; lastKnownFileType = sourcecode.c.h; path = ECUnitTests.h; sourceTree = "<group>"; };
		22BEA1F115DA57470036A04F /* ocunit2junit.rb */ = {isa = PBXFileReference; fileEncoding = 4; lastKnownFileType = text.script.ruby; path = ocunit2junit.rb; sourceTree = "<group>"; };
		22BEA1F215DA57470036A04F /* test-common.sh */ = {isa = PBXFileReference; fileEncoding = 4; lastKnownFileType = text.script.sh; path = "test-common.sh"; sourceTree = "<group>"; };
		22BEA1F715DA581D0036A04F /* en */ = {isa = PBXFileReference; lastKnownFileType = text.plist.strings; name = en; path = Resources/en.lproj/InfoPlist.strings; sourceTree = SOURCE_ROOT; };
/* End PBXFileReference section */

/* Begin PBXFrameworksBuildPhase section */
		227A47B715DA5FA000281601 /* Frameworks */ = {
			isa = PBXFrameworksBuildPhase;
			buildActionMask = 2147483647;
			files = (
			);
			runOnlyForDeploymentPostprocessing = 0;
		};
		22BEA1BB15DA55920036A04F /* Frameworks */ = {
			isa = PBXFrameworksBuildPhase;
			buildActionMask = 2147483647;
			files = (
				22BEA1F515DA57F10036A04F /* SenTestingKit.framework in Frameworks */,
				22BEA1C015DA55920036A04F /* Cocoa.framework in Frameworks */,
			);
			runOnlyForDeploymentPostprocessing = 0;
		};
/* End PBXFrameworksBuildPhase section */

/* Begin PBXGroup section */
		221CB59E15DA9BA8004C6398 /* Configuration */ = {
			isa = PBXGroup;
			children = (
				221CB5A015DA9BA8004C6398 /* ECIOSDebug.xcconfig */,
				221CB5A115DA9BA8004C6398 /* ECIOSRelease.xcconfig */,
				221CB5A315DA9BA8004C6398 /* ECMacDebug.xcconfig */,
				221CB5A415DA9BA8004C6398 /* ECMacRelease.xcconfig */,
			);
			path = Configuration;
			sourceTree = "<group>";
		};
		221CB5C315DAA817004C6398 /* Prefix */ = {
			isa = PBXGroup;
			children = (
				221CB5C415DAA817004C6398 /* Debug.pch */,
				221CB5C515DAA817004C6398 /* Release.pch */,
				221CB5C615DAA817004C6398 /* Shared.pch */,
			);
			path = Prefix;
			sourceTree = "<group>";
		};
		223269EA14FA98BB003055A2 = {
			isa = PBXGroup;
			children = (
				221CB51E15DA8BC7004C6398 /* README.md */,
				221CB59E15DA9BA8004C6398 /* Configuration */,
				221CB5C315DAA817004C6398 /* Prefix */,
				22326A4814FA99B0003055A2 /* Generic */,
				22BEA1F015DA57470036A04F /* Scripts */,
				22BEA1C215DA55920036A04F /* Supporting Files */,
				223269F714FA98BB003055A2 /* Frameworks */,
				223269F614FA98BB003055A2 /* Products */,
			);
			sourceTree = "<group>";
		};
		223269F614FA98BB003055A2 /* Products */ = {
			isa = PBXGroup;
			children = (
				22BEA1BF15DA55920036A04F /* ECUnitTests.framework */,
				227A47BA15DA5FA000281601 /* ECUnitTests.framework */,
			);
			name = Products;
			sourceTree = "<group>";
		};
		223269F714FA98BB003055A2 /* Frameworks */ = {
			isa = PBXGroup;
			children = (
				223269F814FA98BB003055A2 /* Cocoa.framework */,
				22326A0A14FA98BB003055A2 /* SenTestingKit.framework */,
				221662C014FB900C009B975D /* Foundation.framework */,
				227A47BB15DA5FA000281601 /* CoreFoundation.framework */,
				221CB4B815DA7DC4004C6398 /* UIKit.framework */,
				221CB4BB15DA7DC4004C6398 /* CoreGraphics.framework */,
				223269FA14FA98BB003055A2 /* Other Frameworks */,
			);
			name = Frameworks;
			sourceTree = "<group>";
		};
		223269FA14FA98BB003055A2 /* Other Frameworks */ = {
			isa = PBXGroup;
			children = (
				223269FB14FA98BB003055A2 /* AppKit.framework */,
				223269FC14FA98BB003055A2 /* CoreData.framework */,
				223269FD14FA98BB003055A2 /* Foundation.framework */,
			);
			name = "Other Frameworks";
			sourceTree = "<group>";
		};
		22326A4814FA99B0003055A2 /* Generic */ = {
			isa = PBXGroup;
			children = (
				22BEA1C815DA55920036A04F /* ECUnitTests.h */,
				22326A4914FA99B0003055A2 /* ECParameterisedTestCase.h */,
				22326A4A14FA99B0003055A2 /* ECParameterisedTestCase.m */,
				22326A4B14FA99B0003055A2 /* ECTestCase.h */,
				22326A4C14FA99B0003055A2 /* ECTestCase.m */,
			);
			path = Generic;
			sourceTree = "<group>";
		};
		22BEA1C215DA55920036A04F /* Supporting Files */ = {
			isa = PBXGroup;
			children = (
				22BEA1C315DA55920036A04F /* Info.plist */,
				22BEA1F615DA581D0036A04F /* InfoPlist.strings */,
			);
			name = "Supporting Files";
			path = ECUnitTests;
			sourceTree = "<group>";
		};
		22BEA1F015DA57470036A04F /* Scripts */ = {
			isa = PBXGroup;
			children = (
				22BEA1F115DA57470036A04F /* ocunit2junit.rb */,
				22BEA1F215DA57470036A04F /* test-common.sh */,
			);
			name = Scripts;
			path = Resources/Scripts;
			sourceTree = "<group>";
		};
/* End PBXGroup section */

/* Begin PBXHeadersBuildPhase section */
		227A47CB15DA619100281601 /* Headers */ = {
			isa = PBXHeadersBuildPhase;
			buildActionMask = 2147483647;
			files = (
				227A47CC15DA619D00281601 /* ECUnitTests.h in Headers */,
				227A47CD15DA619D00281601 /* ECParameterisedTestCase.h in Headers */,
				227A47CE15DA619D00281601 /* ECTestCase.h in Headers */,
				221CB5C815DAA817004C6398 /* Debug.pch in Headers */,
				221CB5CA15DAA817004C6398 /* Release.pch in Headers */,
				221CB5CC15DAA817004C6398 /* Shared.pch in Headers */,
			);
			runOnlyForDeploymentPostprocessing = 0;
		};
		22BEA1BC15DA55920036A04F /* Headers */ = {
			isa = PBXHeadersBuildPhase;
			buildActionMask = 2147483647;
			files = (
				22BEA1CE15DA55E90036A04F /* ECParameterisedTestCase.h in Headers */,
				22BEA1CF15DA55E90036A04F /* ECTestCase.h in Headers */,
				227A47C715DA60F200281601 /* ECUnitTests.h in Headers */,
				221CB5C715DAA817004C6398 /* Debug.pch in Headers */,
				221CB5C915DAA817004C6398 /* Release.pch in Headers */,
				221CB5CB15DAA817004C6398 /* Shared.pch in Headers */,
			);
			runOnlyForDeploymentPostprocessing = 0;
		};
/* End PBXHeadersBuildPhase section */

/* Begin PBXNativeTarget section */
		227A47B915DA5FA000281601 /* ECUnitTestIOS */ = {
			isa = PBXNativeTarget;
			buildConfigurationList = 227A47C415DA5FA000281601 /* Build configuration list for PBXNativeTarget "ECUnitTestIOS" */;
			buildPhases = (
				227A47B615DA5FA000281601 /* Sources */,
				227A47CB15DA619100281601 /* Headers */,
				227A47B715DA5FA000281601 /* Frameworks */,
				227A47B815DA5FA000281601 /* Resources */,
				227A47CA15DA615800281601 /* ShellScript */,
			);
			buildRules = (
			);
			dependencies = (
			);
			name = ECUnitTestIOS;
			productName = ECUnitTestIOSAgain;
			productReference = 227A47BA15DA5FA000281601 /* ECUnitTests.framework */;
			productType = "com.apple.product-type.bundle";
		};
		22BEA1BE15DA55920036A04F /* ECUnitTestsMac */ = {
			isa = PBXNativeTarget;
			buildConfigurationList = 22BEA1CB15DA55920036A04F /* Build configuration list for PBXNativeTarget "ECUnitTestsMac" */;
			buildPhases = (
				22BEA1BA15DA55920036A04F /* Sources */,
				22BEA1BB15DA55920036A04F /* Frameworks */,
				22BEA1BC15DA55920036A04F /* Headers */,
				22BEA1BD15DA55920036A04F /* Resources */,
			);
			buildRules = (
			);
			dependencies = (
			);
			name = ECUnitTestsMac;
			productName = ECUnitTests;
			productReference = 22BEA1BF15DA55920036A04F /* ECUnitTests.framework */;
			productType = "com.apple.product-type.framework";
		};
/* End PBXNativeTarget section */

/* Begin PBXProject section */
		223269EC14FA98BB003055A2 /* Project object */ = {
			isa = PBXProject;
			attributes = {
				LastUpgradeCheck = 0430;
			};
			buildConfigurationList = 223269EF14FA98BB003055A2 /* Build configuration list for PBXProject "ECUnitTests" */;
			compatibilityVersion = "Xcode 3.2";
			developmentRegion = English;
			hasScannedForEncodings = 0;
			knownRegions = (
				en,
			);
			mainGroup = 223269EA14FA98BB003055A2;
			productRefGroup = 223269F614FA98BB003055A2 /* Products */;
			projectDirPath = "";
			projectRoot = "";
			targets = (
				22BEA1BE15DA55920036A04F /* ECUnitTestsMac */,
				227A47B915DA5FA000281601 /* ECUnitTestIOS */,
				221662D514FB914E009B975D /* ECUnitTestsEverything */,
			);
		};
/* End PBXProject section */

/* Begin PBXResourcesBuildPhase section */
		227A47B815DA5FA000281601 /* Resources */ = {
			isa = PBXResourcesBuildPhase;
			buildActionMask = 2147483647;
			files = (
			);
			runOnlyForDeploymentPostprocessing = 0;
		};
		22BEA1BD15DA55920036A04F /* Resources */ = {
			isa = PBXResourcesBuildPhase;
			buildActionMask = 2147483647;
			files = (
				22BEA1F315DA57470036A04F /* ocunit2junit.rb in Resources */,
				22BEA1F415DA57470036A04F /* test-common.sh in Resources */,
				22BEA1F815DA581D0036A04F /* InfoPlist.strings in Resources */,
			);
			runOnlyForDeploymentPostprocessing = 0;
		};
/* End PBXResourcesBuildPhase section */

/* Begin PBXShellScriptBuildPhase section */
		227A47CA15DA615800281601 /* ShellScript */ = {
			isa = PBXShellScriptBuildPhase;
			buildActionMask = 2147483647;
			files = (
			);
			inputPaths = (
			);
			outputPaths = (
			);
			runOnlyForDeploymentPostprocessing = 0;
			shellPath = /bin/sh;
			shellScript = "FRAMEWORK_ROOT=\"${BUILT_PRODUCTS_DIR}/${CONTENTS_FOLDER_PATH}\"\n\nmkdir -p \"${FRAMEWORK_ROOT}/Versions\"\n/bin/ln -sfh A \"${FRAMEWORK_ROOT}/Versions/Current\"\n/bin/ln -sfh Versions/Current/Headers \"${FRAMEWORK_ROOT}/Headers\"\n/bin/ln -sfh \"Versions/Current/${PRODUCT_NAME}\" \"${FRAMEWORK_ROOT}/${PRODUCT_NAME}\"\n";
			showEnvVarsInLog = 0;
		};
/* End PBXShellScriptBuildPhase section */

/* Begin PBXSourcesBuildPhase section */
		227A47B615DA5FA000281601 /* Sources */ = {
			isa = PBXSourcesBuildPhase;
			buildActionMask = 2147483647;
			files = (
				227A47C815DA610100281601 /* ECParameterisedTestCase.m in Sources */,
				227A47C915DA610100281601 /* ECTestCase.m in Sources */,
			);
			runOnlyForDeploymentPostprocessing = 0;
		};
		22BEA1BA15DA55920036A04F /* Sources */ = {
			isa = PBXSourcesBuildPhase;
			buildActionMask = 2147483647;
			files = (
				22BEA1D015DA55EF0036A04F /* ECParameterisedTestCase.m in Sources */,
				22BEA1D115DA55EF0036A04F /* ECTestCase.m in Sources */,
			);
			runOnlyForDeploymentPostprocessing = 0;
		};
/* End PBXSourcesBuildPhase section */

/* Begin PBXVariantGroup section */
		22BEA1F615DA581D0036A04F /* InfoPlist.strings */ = {
			isa = PBXVariantGroup;
			children = (
				22BEA1F715DA581D0036A04F /* en */,
			);
			name = InfoPlist.strings;
			sourceTree = "<group>";
		};
/* End PBXVariantGroup section */

/* Begin XCBuildConfiguration section */
		221662D714FB914E009B975D /* Debug */ = {
			isa = XCBuildConfiguration;
			buildSettings = {
				PRODUCT_NAME = "$(TARGET_NAME)";
			};
			name = Debug;
		};
		221662D814FB914E009B975D /* Release */ = {
			isa = XCBuildConfiguration;
			buildSettings = {
				PRODUCT_NAME = "$(TARGET_NAME)";
			};
			name = Release;
		};
		22326A1914FA98BC003055A2 /* Debug */ = {
			isa = XCBuildConfiguration;
			buildSettings = {
				ALWAYS_SEARCH_USER_PATHS = NO;
				ARCHS = "$(ARCHS_STANDARD_32_64_BIT)";
				COPY_PHASE_STRIP = NO;
				GCC_C_LANGUAGE_STANDARD = gnu99;
				GCC_DYNAMIC_NO_PIC = NO;
				GCC_ENABLE_OBJC_EXCEPTIONS = YES;
				GCC_OPTIMIZATION_LEVEL = 0;
				GCC_PRECOMPILE_PREFIX_HEADER = YES;
				GCC_PREPROCESSOR_DEFINITIONS = (
					"DEBUG=1",
					"$(inherited)",
				);
				GCC_SYMBOLS_PRIVATE_EXTERN = NO;
				GCC_TREAT_WARNINGS_AS_ERRORS = YES;
				GCC_VERSION = com.apple.compilers.llvm.clang.1_0;
				GCC_WARN_64_TO_32_BIT_CONVERSION = YES;
				GCC_WARN_ABOUT_RETURN_TYPE = YES;
				GCC_WARN_UNINITIALIZED_AUTOS = YES;
				GCC_WARN_UNUSED_VARIABLE = YES;
				OTHER_LDFLAGS = "-ObjC";
				PRODUCT_NAME = "$(PROJECT_NAME)";
			};
			name = Debug;
		};
		22326A1A14FA98BC003055A2 /* Release */ = {
			isa = XCBuildConfiguration;
			buildSettings = {
				ALWAYS_SEARCH_USER_PATHS = NO;
				ARCHS = "$(ARCHS_STANDARD_32_64_BIT)";
				COPY_PHASE_STRIP = YES;
				DEBUG_INFORMATION_FORMAT = "dwarf-with-dsym";
				GCC_C_LANGUAGE_STANDARD = gnu99;
				GCC_ENABLE_OBJC_EXCEPTIONS = YES;
				GCC_PRECOMPILE_PREFIX_HEADER = YES;
				GCC_TREAT_WARNINGS_AS_ERRORS = YES;
				GCC_VERSION = com.apple.compilers.llvm.clang.1_0;
				GCC_WARN_64_TO_32_BIT_CONVERSION = YES;
				GCC_WARN_ABOUT_RETURN_TYPE = YES;
				GCC_WARN_UNINITIALIZED_AUTOS = YES;
				GCC_WARN_UNUSED_VARIABLE = YES;
				OTHER_LDFLAGS = "-ObjC";
				PRODUCT_NAME = "$(PROJECT_NAME)";
			};
			name = Release;
		};
		227A47C515DA5FA000281601 /* Debug */ = {
			isa = XCBuildConfiguration;
			baseConfigurationReference = 221CB5A015DA9BA8004C6398 /* ECIOSDebug.xcconfig */;
			buildSettings = {
				ARCHS = "$(ARCHS_STANDARD_32_BIT)";
				DEAD_CODE_STRIPPING = NO;
				EXECUTABLE_PREFIX = Versions/A/;
				FRAMEWORK_SEARCH_PATHS = "$(DEVELOPER_LIBRARY_DIR)/Frameworks";
				INFOPLIST_FILE = Resources/Info.plist;
				INSTALL_PATH = "$(LOCAL_LIBRARY_DIR)/Frameworks";
				LINK_WITH_STANDARD_LIBRARIES = NO;
				MACH_O_TYPE = mh_object;
				MACOSX_DEPLOYMENT_TARGET = 10.7;
				OTHER_LDFLAGS = (
					"-ObjC",
					"-all_load",
				);
				PUBLIC_HEADERS_FOLDER_PATH = "$(CONTENTS_FOLDER_PATH)/Versions/A/Headers";
				SDKROOT = iphoneos;
				SKIP_INSTALL = YES;
				WRAPPER_EXTENSION = framework;
			};
			name = Debug;
		};
		227A47C615DA5FA000281601 /* Release */ = {
			isa = XCBuildConfiguration;
			baseConfigurationReference = 221CB5A015DA9BA8004C6398 /* ECIOSDebug.xcconfig */;
			buildSettings = {
				ARCHS = "$(ARCHS_STANDARD_32_BIT)";
				DEAD_CODE_STRIPPING = NO;
				DEBUG_INFORMATION_FORMAT = "dwarf-with-dsym";
				EXECUTABLE_PREFIX = Versions/A/;
				FRAMEWORK_SEARCH_PATHS = "$(DEVELOPER_LIBRARY_DIR)/Frameworks";
				INFOPLIST_FILE = Resources/Info.plist;
				INSTALL_PATH = "$(LOCAL_LIBRARY_DIR)/Frameworks";
				LINK_WITH_STANDARD_LIBRARIES = NO;
				MACH_O_TYPE = mh_object;
				MACOSX_DEPLOYMENT_TARGET = 10.7;
				OTHER_LDFLAGS = (
					"-ObjC",
					"-all_load",
				);
				PUBLIC_HEADERS_FOLDER_PATH = "$(CONTENTS_FOLDER_PATH)/Versions/A/Headers";
				SDKROOT = iphoneos;
				SKIP_INSTALL = YES;
				WRAPPER_EXTENSION = framework;
			};
			name = Release;
		};
		22BEA1CC15DA55920036A04F /* Debug */ = {
			isa = XCBuildConfiguration;
			baseConfigurationReference = 221CB5A315DA9BA8004C6398 /* ECMacDebug.xcconfig */;
			buildSettings = {
				ARCHS = "$(ARCHS_STANDARD_64_BIT)";
				CLANG_WARN__DUPLICATE_METHOD_MATCH = YES;
				COMBINE_HIDPI_IMAGES = YES;
				DYLIB_COMPATIBILITY_VERSION = 1;
				DYLIB_CURRENT_VERSION = 1;
				FRAMEWORK_SEARCH_PATHS = "$(DEVELOPER_LIBRARY_DIR)/Frameworks";
				FRAMEWORK_VERSION = A;
				INFOPLIST_FILE = Resources/Info.plist;
				MACOSX_DEPLOYMENT_TARGET = 10.8;
				ONLY_ACTIVE_ARCH = YES;
				SDKROOT = macosx;
				WRAPPER_EXTENSION = framework;
			};
			name = Debug;
		};
		22BEA1CD15DA55920036A04F /* Release */ = {
			isa = XCBuildConfiguration;
			baseConfigurationReference = 221CB5A315DA9BA8004C6398 /* ECMacDebug.xcconfig */;
			buildSettings = {
				ARCHS = "$(ARCHS_STANDARD_64_BIT)";
				CLANG_WARN__DUPLICATE_METHOD_MATCH = YES;
				COMBINE_HIDPI_IMAGES = YES;
				DYLIB_COMPATIBILITY_VERSION = 1;
				DYLIB_CURRENT_VERSION = 1;
				FRAMEWORK_SEARCH_PATHS = "$(DEVELOPER_LIBRARY_DIR)/Frameworks";
				FRAMEWORK_VERSION = A;
				INFOPLIST_FILE = Resources/Info.plist;
				MACOSX_DEPLOYMENT_TARGET = 10.8;
				SDKROOT = macosx;
				WRAPPER_EXTENSION = framework;
			};
			name = Release;
		};
/* End XCBuildConfiguration section */

/* Begin XCConfigurationList section */
		221662D614FB914E009B975D /* Build configuration list for PBXAggregateTarget "ECUnitTestsEverything" */ = {
			isa = XCConfigurationList;
			buildConfigurations = (
				221662D714FB914E009B975D /* Debug */,
				221662D814FB914E009B975D /* Release */,
			);
			defaultConfigurationIsVisible = 0;
			defaultConfigurationName = Release;
		};
		223269EF14FA98BB003055A2 /* Build configuration list for PBXProject "ECUnitTests" */ = {
			isa = XCConfigurationList;
			buildConfigurations = (
				22326A1914FA98BC003055A2 /* Debug */,
				22326A1A14FA98BC003055A2 /* Release */,
			);
			defaultConfigurationIsVisible = 0;
			defaultConfigurationName = Release;
		};
		227A47C415DA5FA000281601 /* Build configuration list for PBXNativeTarget "ECUnitTestIOS" */ = {
			isa = XCConfigurationList;
			buildConfigurations = (
				227A47C515DA5FA000281601 /* Debug */,
				227A47C615DA5FA000281601 /* Release */,
			);
			defaultConfigurationIsVisible = 0;
			defaultConfigurationName = Release;
		};
		22BEA1CB15DA55920036A04F /* Build configuration list for PBXNativeTarget "ECUnitTestsMac" */ = {
			isa = XCConfigurationList;
			buildConfigurations = (
				22BEA1CC15DA55920036A04F /* Debug */,
				22BEA1CD15DA55920036A04F /* Release */,
			);
			defaultConfigurationIsVisible = 0;
			defaultConfigurationName = Release;
		};
/* End XCConfigurationList section */
	};
	rootObject = 223269EC14FA98BB003055A2 /* Project object */;
}
